
Microsoft Visual Studio Solution File, Format Version 12.00
# Visual Studio Version 17
VisualStudioVersion = 17.11.35219.272
MinimumVisualStudioVersion = 10.0.40219.1
Project("{FAE04EC0-301F-11D3-BF4B-00C04F79EFBC}") = "InvestmentTracker", "InvestmentTracker.csproj", "{DD78007D-AC5D-4265-A2A8-7CF0AF43D2DC}"
EndProject
Global
	GlobalSection(SolutionConfigurationPlatforms) = preSolution
		Debug|Any CPU = Debug|Any CPU
		Release|Any CPU = Release|Any CPU
	EndGlobalSection
	GlobalSection(ProjectConfigurationPlatforms) = postSolution
		{DD78007D-AC5D-4265-A2A8-7CF0AF43D2DC}.Debug|Any CPU.ActiveCfg = Debug|Any CPU
		{DD78007D-AC5D-4265-A2A8-7CF0AF43D2DC}.Debug|Any CPU.Build.0 = Debug|Any CPU
		{DD78007D-AC5D-4265-A2A8-7CF0AF43D2DC}.Release|Any CPU.ActiveCfg = Release|Any CPU
		{DD78007D-AC5D-4265-A2A8-7CF0AF43D2DC}.Release|Any CPU.Build.0 = Release|Any CPU
	EndGlobalSection
	GlobalSection(SolutionProperties) = preSolution
		HideSolutionNode = FALSE
	EndGlobalSection
	GlobalSection(ExtensibilityGlobals) = postSolution
		SolutionGuid = {9970C9FB-9A0D-4050-964E-4EDB9143B37D}
	EndGlobalSection
EndGlobal
